
Microsoft Visual Studio Solution File, Format Version 12.00
# Visual Studio Version 17
VisualStudioVersion = 17.3.32825.248
MinimumVisualStudioVersion = 10.0.40219.1
Project("{9A19103F-16F7-4668-BE54-9A1E7A4F7556}") = "ZiraatBankUzPortal.Server", "ZiraatBankUzPortal\Server\ZiraatBankUzPortal.Server.csproj", "{5E8C2530-D693-4B8C-B42A-B748E4F45F9D}"
EndProject
Project("{9A19103F-16F7-4668-BE54-9A1E7A4F7556}") = "ZiraatBankUzPortal.Client", "ZiraatBankUzPortal\Client\ZiraatBankUzPortal.Client.csproj", "{8C0A5B11-AC2B-4D29-96D9-803FF95DA178}"
EndProject
Project("{9A19103F-16F7-4668-BE54-9A1E7A4F7556}") = "ZiraatBankUzPortal.Shared", "ZiraatBankUzPortal\Shared\ZiraatBankUzPortal.Shared.csproj", "{DB16B37E-6BC1-4A80-909C-334DF6ADBECE}"
EndProject
Project("{9A19103F-16F7-4668-BE54-9A1E7A4F7556}") = "ZiraatBankUzPortal.Core", "ZiraatBankUzPortal\Core\ZiraatBankUzPortal.Core.csproj", "{E7EF6487-1F26-4CD0-A9CB-93E02531ABF0}"
EndProject
Global
	GlobalSection(SolutionConfigurationPlatforms) = preSolution
		Debug|Any CPU = Debug|Any CPU
		Release|Any CPU = Release|Any CPU
	EndGlobalSection
	GlobalSection(ProjectConfigurationPlatforms) = postSolution
		{5E8C2530-D693-4B8C-B42A-B748E4F45F9D}.Debug|Any CPU.ActiveCfg = Debug|Any CPU
		{5E8C2530-D693-4B8C-B42A-B748E4F45F9D}.Debug|Any CPU.Build.0 = Debug|Any CPU
		{5E8C2530-D693-4B8C-B42A-B748E4F45F9D}.Release|Any CPU.ActiveCfg = Release|Any CPU
		{5E8C2530-D693-4B8C-B42A-B748E4F45F9D}.Release|Any CPU.Build.0 = Release|Any CPU
		{8C0A5B11-AC2B-4D29-96D9-803FF95DA178}.Debug|Any CPU.ActiveCfg = Debug|Any CPU
		{8C0A5B11-AC2B-4D29-96D9-803FF95DA178}.Debug|Any CPU.Build.0 = Debug|Any CPU
		{8C0A5B11-AC2B-4D29-96D9-803FF95DA178}.Release|Any CPU.ActiveCfg = Release|Any CPU
		{8C0A5B11-AC2B-4D29-96D9-803FF95DA178}.Release|Any CPU.Build.0 = Release|Any CPU
		{DB16B37E-6BC1-4A80-909C-334DF6ADBECE}.Debug|Any CPU.ActiveCfg = Debug|Any CPU
		{DB16B37E-6BC1-4A80-909C-334DF6ADBECE}.Debug|Any CPU.Build.0 = Debug|Any CPU
		{DB16B37E-6BC1-4A80-909C-334DF6ADBECE}.Release|Any CPU.ActiveCfg = Release|Any CPU
		{DB16B37E-6BC1-4A80-909C-334DF6ADBECE}.Release|Any CPU.Build.0 = Release|Any CPU
		{E7EF6487-1F26-4CD0-A9CB-93E02531ABF0}.Debug|Any CPU.ActiveCfg = Debug|Any CPU
		{E7EF6487-1F26-4CD0-A9CB-93E02531ABF0}.Debug|Any CPU.Build.0 = Debug|Any CPU
		{E7EF6487-1F26-4CD0-A9CB-93E02531ABF0}.Release|Any CPU.ActiveCfg = Release|Any CPU
		{E7EF6487-1F26-4CD0-A9CB-93E02531ABF0}.Release|Any CPU.Build.0 = Release|Any CPU
	EndGlobalSection
	GlobalSection(SolutionProperties) = preSolution
		HideSolutionNode = FALSE
	EndGlobalSection
	GlobalSection(ExtensibilityGlobals) = postSolution
		SolutionGuid = {F6575171-2080-4E94-9281-E710726B53F0}
	EndGlobalSection
EndGlobal
